
Microsoft Visual Studio Solution File, Format Version 12.00
# Visual Studio Version 16
VisualStudioVersion = 16.0.32106.194
MinimumVisualStudioVersion = 10.0.40219.1
Project("{FAE04EC0-301F-11D3-BF4B-00C04F79EFBC}") = "Connect4 Personal", "Connect4 Personal.csproj", "{035EF51D-D7B1-43A4-A30D-E01003C5D533}"
EndProject
Global
	GlobalSection(SolutionConfigurationPlatforms) = preSolution
		Debug|Any CPU = Debug|Any CPU
		Release|Any CPU = Release|Any CPU
	EndGlobalSection
	GlobalSection(ProjectConfigurationPlatforms) = postSolution
		{035EF51D-D7B1-43A4-A30D-E01003C5D533}.Debug|Any CPU.ActiveCfg = Debug|Any CPU
		{035EF51D-D7B1-43A4-A30D-E01003C5D533}.Debug|Any CPU.Build.0 = Debug|Any CPU
		{035EF51D-D7B1-43A4-A30D-E01003C5D533}.Release|Any CPU.ActiveCfg = Release|Any CPU
		{035EF51D-D7B1-43A4-A30D-E01003C5D533}.Release|Any CPU.Build.0 = Release|Any CPU
	EndGlobalSection
	GlobalSection(SolutionProperties) = preSolution
		HideSolutionNode = FALSE
	EndGlobalSection
	GlobalSection(ExtensibilityGlobals) = postSolution
		SolutionGuid = {53D57D89-EC1B-41B1-8B07-1B39CB8FD7D3}
	EndGlobalSection
EndGlobal
